
Microsoft Visual Studio Solution File, Format Version 12.00
# Visual Studio Version 16
VisualStudioVersion = 16.0.30907.101
MinimumVisualStudioVersion = 10.0.40219.1
Project("{FAE04EC0-301F-11D3-BF4B-00C04F79EFBC}") = "RichTextBox_Imprimir", "RichTextBox_Imprimir\RichTextBox_Imprimir.csproj", "{43B3B369-BEB0-458F-A527-3CB5887EBE3D}"
EndProject
Global
	GlobalSection(SolutionConfigurationPlatforms) = preSolution
		Debug|Any CPU = Debug|Any CPU
		Release|Any CPU = Release|Any CPU
	EndGlobalSection
	GlobalSection(ProjectConfigurationPlatforms) = postSolution
		{43B3B369-BEB0-458F-A527-3CB5887EBE3D}.Debug|Any CPU.ActiveCfg = Debug|Any CPU
		{43B3B369-BEB0-458F-A527-3CB5887EBE3D}.Debug|Any CPU.Build.0 = Debug|Any CPU
		{43B3B369-BEB0-458F-A527-3CB5887EBE3D}.Release|Any CPU.ActiveCfg = Release|Any CPU
		{43B3B369-BEB0-458F-A527-3CB5887EBE3D}.Release|Any CPU.Build.0 = Release|Any CPU
	EndGlobalSection
	GlobalSection(SolutionProperties) = preSolution
		HideSolutionNode = FALSE
	EndGlobalSection
	GlobalSection(ExtensibilityGlobals) = postSolution
		SolutionGuid = {AF2D4391-AD6E-42FC-91DD-3F91D7E94245}
	EndGlobalSection
EndGlobal
